
Microsoft Visual Studio Solution File, Format Version 12.00
# Visual Studio Version 17
VisualStudioVersion = 17.11.35327.3
MinimumVisualStudioVersion = 10.0.40219.1
Project("{9A19103F-16F7-4668-BE54-9A1E7A4F7556}") = "Wise_Owl_Library", "Wise_Owl_Library\Wise_Owl_Library.csproj", "{3B149BF7-AB8C-468C-9235-7EC4A6958FB1}"
EndProject
Project("{FAE04EC0-301F-11D3-BF4B-00C04F79EFBC}") = "Wise_Owl_Library.Tests", "Wise_Owl_Library.Tests\Wise_Owl_Library.Tests.csproj", "{043E4A52-BF49-41FA-AE3B-BA0DD68C03AD}"
EndProject
Global
	GlobalSection(SolutionConfigurationPlatforms) = preSolution
		Debug|Any CPU = Debug|Any CPU
		Release|Any CPU = Release|Any CPU
	EndGlobalSection
	GlobalSection(ProjectConfigurationPlatforms) = postSolution
		{3B149BF7-AB8C-468C-9235-7EC4A6958FB1}.Debug|Any CPU.ActiveCfg = Debug|Any CPU
		{3B149BF7-AB8C-468C-9235-7EC4A6958FB1}.Debug|Any CPU.Build.0 = Debug|Any CPU
		{3B149BF7-AB8C-468C-9235-7EC4A6958FB1}.Release|Any CPU.ActiveCfg = Release|Any CPU
		{3B149BF7-AB8C-468C-9235-7EC4A6958FB1}.Release|Any CPU.Build.0 = Release|Any CPU
		{043E4A52-BF49-41FA-AE3B-BA0DD68C03AD}.Debug|Any CPU.ActiveCfg = Debug|Any CPU
		{043E4A52-BF49-41FA-AE3B-BA0DD68C03AD}.Debug|Any CPU.Build.0 = Debug|Any CPU
		{043E4A52-BF49-41FA-AE3B-BA0DD68C03AD}.Release|Any CPU.ActiveCfg = Release|Any CPU
		{043E4A52-BF49-41FA-AE3B-BA0DD68C03AD}.Release|Any CPU.Build.0 = Release|Any CPU
	EndGlobalSection
	GlobalSection(SolutionProperties) = preSolution
		HideSolutionNode = FALSE
	EndGlobalSection
	GlobalSection(ExtensibilityGlobals) = postSolution
		SolutionGuid = {ABB46BA7-1DCA-46D0-9954-5F3C92E932C5}
	EndGlobalSection
EndGlobal
